
Microsoft Visual Studio Solution File, Format Version 12.00
# Visual Studio Version 16
VisualStudioVersion = 16.0.33214.272
MinimumVisualStudioVersion = 10.0.40219.1
Project("{FAE04EC0-301F-11D3-BF4B-00C04F79EFBC}") = "MHSavRepair", "MHSavRepair\MHSavRepair.csproj", "{99A2E207-F61E-401E-956B-53327768FA79}"
EndProject
Global
	GlobalSection(SolutionConfigurationPlatforms) = preSolution
		Debug|Any CPU = Debug|Any CPU
		Release|Any CPU = Release|Any CPU
	EndGlobalSection
	GlobalSection(ProjectConfigurationPlatforms) = postSolution
		{99A2E207-F61E-401E-956B-53327768FA79}.Debug|Any CPU.ActiveCfg = Debug|Any CPU
		{99A2E207-F61E-401E-956B-53327768FA79}.Debug|Any CPU.Build.0 = Debug|Any CPU
		{99A2E207-F61E-401E-956B-53327768FA79}.Release|Any CPU.ActiveCfg = Release|Any CPU
		{99A2E207-F61E-401E-956B-53327768FA79}.Release|Any CPU.Build.0 = Release|Any CPU
	EndGlobalSection
	GlobalSection(SolutionProperties) = preSolution
		HideSolutionNode = FALSE
	EndGlobalSection
	GlobalSection(ExtensibilityGlobals) = postSolution
		SolutionGuid = {620A8161-B87E-4082-B60F-E45FB5354BD3}
	EndGlobalSection
EndGlobal
